
Microsoft Visual Studio Solution File, Format Version 12.00
# Visual Studio Version 16
VisualStudioVersion = 16.0.31220.234
MinimumVisualStudioVersion = 10.0.40219.1
Project("{FAE04EC0-301F-11D3-BF4B-00C04F79EFBC}") = "Practice210507", "Practice210507\Practice210507.csproj", "{1CE58562-18A4-4299-8896-77DB4525FBBA}"
EndProject
Project("{FAE04EC0-301F-11D3-BF4B-00C04F79EFBC}") = "GenericMyListApp", "GenericMyListApp\GenericMyListApp.csproj", "{3D26CFFC-12FA-4B92-BED9-36E01842E1B8}"
EndProject
Global
	GlobalSection(SolutionConfigurationPlatforms) = preSolution
		Debug|Any CPU = Debug|Any CPU
		Release|Any CPU = Release|Any CPU
	EndGlobalSection
	GlobalSection(ProjectConfigurationPlatforms) = postSolution
		{1CE58562-18A4-4299-8896-77DB4525FBBA}.Debug|Any CPU.ActiveCfg = Debug|Any CPU
		{1CE58562-18A4-4299-8896-77DB4525FBBA}.Debug|Any CPU.Build.0 = Debug|Any CPU
		{1CE58562-18A4-4299-8896-77DB4525FBBA}.Release|Any CPU.ActiveCfg = Release|Any CPU
		{1CE58562-18A4-4299-8896-77DB4525FBBA}.Release|Any CPU.Build.0 = Release|Any CPU
		{3D26CFFC-12FA-4B92-BED9-36E01842E1B8}.Debug|Any CPU.ActiveCfg = Debug|Any CPU
		{3D26CFFC-12FA-4B92-BED9-36E01842E1B8}.Debug|Any CPU.Build.0 = Debug|Any CPU
		{3D26CFFC-12FA-4B92-BED9-36E01842E1B8}.Release|Any CPU.ActiveCfg = Release|Any CPU
		{3D26CFFC-12FA-4B92-BED9-36E01842E1B8}.Release|Any CPU.Build.0 = Release|Any CPU
	EndGlobalSection
	GlobalSection(SolutionProperties) = preSolution
		HideSolutionNode = FALSE
	EndGlobalSection
	GlobalSection(ExtensibilityGlobals) = postSolution
		SolutionGuid = {4B399AD6-FF64-4986-87C5-CB5C8E1D7E4E}
	EndGlobalSection
EndGlobal
