
Microsoft Visual Studio Solution File, Format Version 12.00
# Visual Studio Version 16
VisualStudioVersion = 16.0.31220.234
MinimumVisualStudioVersion = 10.0.40219.1
Project("{9A19103F-16F7-4668-BE54-9A1E7A4F7556}") = "ClassTestApp", "ClassTestApp\ClassTestApp.csproj", "{F866C0D7-F118-45AF-A7A3-73AC17B36B54}"
EndProject
Project("{FAE04EC0-301F-11D3-BF4B-00C04F79EFBC}") = "InterfaceTestApp", "InterfaceTestApp\InterfaceTestApp.csproj", "{B8B0A81E-4029-4FE3-BED7-94411B3A3F91}"
EndProject
Project("{FAE04EC0-301F-11D3-BF4B-00C04F79EFBC}") = "UsingInterfaceTestApp", "UsingInterfaceTestApp\UsingInterfaceTestApp.csproj", "{A003E8C9-605F-43C5-93EA-66E50BDB0435}"
EndProject
Global
	GlobalSection(SolutionConfigurationPlatforms) = preSolution
		Debug|Any CPU = Debug|Any CPU
		Release|Any CPU = Release|Any CPU
	EndGlobalSection
	GlobalSection(ProjectConfigurationPlatforms) = postSolution
		{F866C0D7-F118-45AF-A7A3-73AC17B36B54}.Debug|Any CPU.ActiveCfg = Debug|Any CPU
		{F866C0D7-F118-45AF-A7A3-73AC17B36B54}.Debug|Any CPU.Build.0 = Debug|Any CPU
		{F866C0D7-F118-45AF-A7A3-73AC17B36B54}.Release|Any CPU.ActiveCfg = Release|Any CPU
		{F866C0D7-F118-45AF-A7A3-73AC17B36B54}.Release|Any CPU.Build.0 = Release|Any CPU
		{B8B0A81E-4029-4FE3-BED7-94411B3A3F91}.Debug|Any CPU.ActiveCfg = Debug|Any CPU
		{B8B0A81E-4029-4FE3-BED7-94411B3A3F91}.Debug|Any CPU.Build.0 = Debug|Any CPU
		{B8B0A81E-4029-4FE3-BED7-94411B3A3F91}.Release|Any CPU.ActiveCfg = Release|Any CPU
		{B8B0A81E-4029-4FE3-BED7-94411B3A3F91}.Release|Any CPU.Build.0 = Release|Any CPU
		{A003E8C9-605F-43C5-93EA-66E50BDB0435}.Debug|Any CPU.ActiveCfg = Debug|Any CPU
		{A003E8C9-605F-43C5-93EA-66E50BDB0435}.Debug|Any CPU.Build.0 = Debug|Any CPU
		{A003E8C9-605F-43C5-93EA-66E50BDB0435}.Release|Any CPU.ActiveCfg = Release|Any CPU
		{A003E8C9-605F-43C5-93EA-66E50BDB0435}.Release|Any CPU.Build.0 = Release|Any CPU
	EndGlobalSection
	GlobalSection(SolutionProperties) = preSolution
		HideSolutionNode = FALSE
	EndGlobalSection
	GlobalSection(ExtensibilityGlobals) = postSolution
		SolutionGuid = {EF7B6D38-0195-4B70-9AF6-611BA2161CC9}
	EndGlobalSection
EndGlobal
